
Microsoft Visual Studio Solution File, Format Version 12.00
# Visual Studio 15
VisualStudioVersion = 15.0.27130.2020
MinimumVisualStudioVersion = 10.0.40219.1
Project("{FAE04EC0-301F-11D3-BF4B-00C04F79EFBC}") = "MnfPic", "MnfPic\MnfPic.csproj", "{9C7A826C-25AC-4C83-88DC-C5CFD4ED5DDC}"
EndProject
Project("{FAE04EC0-301F-11D3-BF4B-00C04F79EFBC}") = "MnfPicReader", "MnfPicReader\MnfPicReader.csproj", "{D930A724-6C09-412F-87FA-F6C2E83C8814}"
EndProject
Project("{FAE04EC0-301F-11D3-BF4B-00C04F79EFBC}") = "App", "App\App.csproj", "{3727D78D-17E4-47F2-9BA0-9648A18B6911}"
EndProject
Project("{FAE04EC0-301F-11D3-BF4B-00C04F79EFBC}") = "MnfAreaParser", "MnfAreaParser\MnfAreaParser.csproj", "{1D96CE4B-DDBD-4173-A6A3-DE04BD14CAF0}"
EndProject
Global
	GlobalSection(SolutionConfigurationPlatforms) = preSolution
		Debug|Any CPU = Debug|Any CPU
		Release|Any CPU = Release|Any CPU
	EndGlobalSection
	GlobalSection(ProjectConfigurationPlatforms) = postSolution
		{9C7A826C-25AC-4C83-88DC-C5CFD4ED5DDC}.Debug|Any CPU.ActiveCfg = Debug|Any CPU
		{9C7A826C-25AC-4C83-88DC-C5CFD4ED5DDC}.Debug|Any CPU.Build.0 = Debug|Any CPU
		{9C7A826C-25AC-4C83-88DC-C5CFD4ED5DDC}.Release|Any CPU.ActiveCfg = Release|Any CPU
		{9C7A826C-25AC-4C83-88DC-C5CFD4ED5DDC}.Release|Any CPU.Build.0 = Release|Any CPU
		{D930A724-6C09-412F-87FA-F6C2E83C8814}.Debug|Any CPU.ActiveCfg = Debug|Any CPU
		{D930A724-6C09-412F-87FA-F6C2E83C8814}.Debug|Any CPU.Build.0 = Debug|Any CPU
		{D930A724-6C09-412F-87FA-F6C2E83C8814}.Release|Any CPU.ActiveCfg = Release|Any CPU
		{D930A724-6C09-412F-87FA-F6C2E83C8814}.Release|Any CPU.Build.0 = Release|Any CPU
		{3727D78D-17E4-47F2-9BA0-9648A18B6911}.Debug|Any CPU.ActiveCfg = Debug|Any CPU
		{3727D78D-17E4-47F2-9BA0-9648A18B6911}.Debug|Any CPU.Build.0 = Debug|Any CPU
		{3727D78D-17E4-47F2-9BA0-9648A18B6911}.Release|Any CPU.ActiveCfg = Release|Any CPU
		{3727D78D-17E4-47F2-9BA0-9648A18B6911}.Release|Any CPU.Build.0 = Release|Any CPU
		{1D96CE4B-DDBD-4173-A6A3-DE04BD14CAF0}.Debug|Any CPU.ActiveCfg = Debug|Any CPU
		{1D96CE4B-DDBD-4173-A6A3-DE04BD14CAF0}.Debug|Any CPU.Build.0 = Debug|Any CPU
		{1D96CE4B-DDBD-4173-A6A3-DE04BD14CAF0}.Release|Any CPU.ActiveCfg = Release|Any CPU
		{1D96CE4B-DDBD-4173-A6A3-DE04BD14CAF0}.Release|Any CPU.Build.0 = Release|Any CPU
	EndGlobalSection
	GlobalSection(SolutionProperties) = preSolution
		HideSolutionNode = FALSE
	EndGlobalSection
	GlobalSection(ExtensibilityGlobals) = postSolution
		SolutionGuid = {D95CF8E3-6EB0-4A4F-A037-A934BBEB2AB9}
	EndGlobalSection
EndGlobal
